
Microsoft Visual Studio Solution File, Format Version 12.00
# Visual Studio Version 16
VisualStudioVersion = 16.0.30114.105
MinimumVisualStudioVersion = 10.0.40219.1
Project("{FAE04EC0-301F-11D3-BF4B-00C04F79EFBC}") = "GPVP", "GPVP.csproj", "{4EE90EDE-D0F8-4D28-8259-A78235AC3171}"
EndProject
Global
	GlobalSection(SolutionConfigurationPlatforms) = preSolution
		Debug|Any CPU = Debug|Any CPU
		Release|Any CPU = Release|Any CPU
	EndGlobalSection
	GlobalSection(ProjectConfigurationPlatforms) = postSolution
		{4EE90EDE-D0F8-4D28-8259-A78235AC3171}.Debug|Any CPU.ActiveCfg = Debug|Any CPU
		{4EE90EDE-D0F8-4D28-8259-A78235AC3171}.Debug|Any CPU.Build.0 = Debug|Any CPU
		{4EE90EDE-D0F8-4D28-8259-A78235AC3171}.Release|Any CPU.ActiveCfg = Release|Any CPU
		{4EE90EDE-D0F8-4D28-8259-A78235AC3171}.Release|Any CPU.Build.0 = Release|Any CPU
	EndGlobalSection
	GlobalSection(SolutionProperties) = preSolution
		HideSolutionNode = FALSE
	EndGlobalSection
	GlobalSection(ExtensibilityGlobals) = postSolution
		SolutionGuid = {B83D6762-CF16-448D-924B-AF0C1B02C5E3}
	EndGlobalSection
EndGlobal
